<?xml version="1.0" encoding="utf-8"?>
<Project ToolsVersion="4.0" xmlns="http://schemas.microsoft.com/developer/msbuild/2003">
  <ItemGroup>
    <ClCompile Include="..\..\src\kernel\kmain.c" />
    <ClCompile Include="..\..\src\kernel\cpu\apic.c">
      <Filter>cpu</Filter>
    </ClCompile>
    <ClCompile Include="..\..\src\kernel\cpu\interrupts.c">
      <Filter>cpu</Filter>
    </ClCompile>
    <ClCompile Include="..\..\src\kernel\memory\heap.c">
      <Filter>memory</Filter>
    </ClCompile>
    <ClCompile Include="..\..\src\kernel\memory\paging.c">
      <Filter>memory</Filter>
    </ClCompile>
    <ClCompile Include="..\..\src\kernel\arch\acpi.c">
      <Filter>arch</Filter>
    </ClCompile>
  </ItemGroup>
  <ItemGroup>
    <ClInclude Include="..\..\src\kernel\kmain.h" />
    <ClInclude Include="..\..\src\kernel\cpu\apic.h">
      <Filter>cpu</Filter>
    </ClInclude>
    <ClInclude Include="..\..\src\kernel\cpu\cpuid.h">
      <Filter>cpu</Filter>
    </ClInclude>
    <ClInclude Include="..\..\src\kernel\cpu\interrupts.h">
      <Filter>cpu</Filter>
    </ClInclude>
    <ClInclude Include="..\..\src\kernel\cpu\io.h">
      <Filter>cpu</Filter>
    </ClInclude>
    <ClInclude Include="..\..\src\kernel\cpu\msr.h">
      <Filter>cpu</Filter>
    </ClInclude>
    <ClInclude Include="..\..\src\kernel\memory\heap.h">
      <Filter>memory</Filter>
    </ClInclude>
    <ClInclude Include="..\..\src\kernel\memory\paging.h">
      <Filter>memory</Filter>
    </ClInclude>
    <ClInclude Include="..\..\src\kernel\arch\acpi.h">
      <Filter>arch</Filter>
    </ClInclude>
  </ItemGroup>
  <ItemGroup>
    <None Include="..\..\build\kernel.mk" />
    <None Include="..\..\src\kernel\README.md" />
    <None Include="..\..\src\kernel\cpu\interrupts.asm">
      <Filter>cpu</Filter>
    </None>
    <None Include="..\..\src\kernel\cpu\README.md">
      <Filter>cpu</Filter>
    </None>
    <None Include="..\..\src\kernel\memory\README.md">
      <Filter>memory</Filter>
    </None>
    <None Include="..\..\src\kernel\syscall\README.md">
      <Filter>syscall</Filter>
    </None>
    <None Include="..\..\src\kernel\scheduler\README.md">
      <Filter>scheduler</Filter>
    </None>
  </ItemGroup>
  <ItemGroup>
    <Filter Include="cpu">
      <UniqueIdentifier>{18d9e59e-2211-4383-b433-1bbc25decee8}</UniqueIdentifier>
    </Filter>
    <Filter Include="memory">
      <UniqueIdentifier>{178ead33-7d2b-4638-9bc5-974f5ddf4445}</UniqueIdentifier>
    </Filter>
    <Filter Include="scheduler">
      <UniqueIdentifier>{96aa5025-3148-4270-add5-2aaede1308be}</UniqueIdentifier>
    </Filter>
    <Filter Include="syscall">
      <UniqueIdentifier>{09074f88-123c-4f94-9a4d-8475d5b89160}</UniqueIdentifier>
    </Filter>
    <Filter Include="arch">
      <UniqueIdentifier>{1a45014f-78b0-426a-a773-e3c01598ed86}</UniqueIdentifier>
    </Filter>
  </ItemGroup>
</Project>